// !$*UTF8*$!
{
	archiveVersion = 1;
	classes = {
	};
	objectVersion = 50;
	objects = {

/* Begin PBXBuildFile section */
		1115A85F24E074A20074F409 /* AppDelegate.swift in Sources */ = {isa = PBXBuildFile; fileRef = 1115A85E24E074A20074F409 /* AppDelegate.swift */; };
		1115A86124E074A20074F409 /* SceneDelegate.swift in Sources */ = {isa = PBXBuildFile; fileRef = 1115A86024E074A20074F409 /* SceneDelegate.swift */; };
		1115A86424E074A20074F409 /* DemoApp.xcdatamodeld in Sources */ = {isa = PBXBuildFile; fileRef = 1115A86224E074A20074F409 /* DemoApp.xcdatamodeld */; };
		1115A86624E074A20074F409 /* ContentView.swift in Sources */ = {isa = PBXBuildFile; fileRef = 1115A86524E074A20074F409 /* ContentView.swift */; };
		1115A86824E074A30074F409 /* Assets.xcassets in Resources */ = {isa = PBXBuildFile; fileRef = 1115A86724E074A30074F409 /* Assets.xcassets */; };
		1115A86B24E074A30074F409 /* Preview Assets.xcassets in Resources */ = {isa = PBXBuildFile; fileRef = 1115A86A24E074A30074F409 /* Preview Assets.xcassets */; };
		1115A86E24E074A30074F409 /* LaunchScreen.storyboard in Resources */ = {isa = PBXBuildFile; fileRef = 1115A86C24E074A30074F409 /* LaunchScreen.storyboard */; };
		1115A87924E074A30074F409 /* DemoAppTests.swift in Sources */ = {isa = PBXBuildFile; fileRef = 1115A87824E074A30074F409 /* DemoAppTests.swift */; };
		1115A88424E074A30074F409 /* DemoAppUITests.swift in Sources */ = {isa = PBXBuildFile; fileRef = 1115A88324E074A30074F409 /* DemoAppUITests.swift */; };
		11E6A7E424E08A6E004727C3 /* Artwork.swift in Sources */ = {isa = PBXBuildFile; fileRef = 11E6A7E324E08A6E004727C3 /* Artwork.swift */; };
		11E6A7E624E08F91004727C3 /* DetailView.swift in Sources */ = {isa = PBXBuildFile; fileRef = 11E6A7E524E08F91004727C3 /* DetailView.swift */; };
/* End PBXBuildFile section */

/* Begin PBXContainerItemProxy section */
		1115A87524E074A30074F409 /* PBXContainerItemProxy */ = {
			isa = PBXContainerItemProxy;
			containerPortal = 1115A85324E074A20074F409 /* Project object */;
			proxyType = 1;
			remoteGlobalIDString = 1115A85A24E074A20074F409;
			remoteInfo = DemoApp;
		};
		1115A88024E074A30074F409 /* PBXContainerItemProxy */ = {
			isa = PBXContainerItemProxy;
			containerPortal = 1115A85324E074A20074F409 /* Project object */;
			proxyType = 1;
			remoteGlobalIDString = 1115A85A24E074A20074F409;
			remoteInfo = DemoApp;
		};
/* End PBXContainerItemProxy section */

/* Begin PBXFileReference section */
		1115A85B24E074A20074F409 /* DemoApp.app */ = {isa = PBXFileReference; explicitFileType = wrapper.application; includeInIndex = 0; path = DemoApp.app; sourceTree = BUILT_PRODUCTS_DIR; };
		1115A85E24E074A20074F409 /* AppDelegate.swift */ = {isa = PBXFileReference; lastKnownFileType = sourcecode.swift; path = AppDelegate.swift; sourceTree = "<group>"; };
		1115A86024E074A20074F409 /* SceneDelegate.swift */ = {isa = PBXFileReference; lastKnownFileType = sourcecode.swift; path = SceneDelegate.swift; sourceTree = "<group>"; };
		1115A86324E074A20074F409 /* DemoApp.xcdatamodel */ = {isa = PBXFileReference; lastKnownFileType = wrapper.xcdatamodel; path = DemoApp.xcdatamodel; sourceTree = "<group>"; };
		1115A86524E074A20074F409 /* ContentView.swift */ = {isa = PBXFileReference; lastKnownFileType = sourcecode.swift; path = ContentView.swift; sourceTree = "<group>"; };
		1115A86724E074A30074F409 /* Assets.xcassets */ = {isa = PBXFileReference; lastKnownFileType = folder.assetcatalog; path = Assets.xcassets; sourceTree = "<group>"; };
		1115A86A24E074A30074F409 /* Preview Assets.xcassets */ = {isa = PBXFileReference; lastKnownFileType = folder.assetcatalog; path = "Preview Assets.xcassets"; sourceTree = "<group>"; };
		1115A86D24E074A30074F409 /* Base */ = {isa = PBXFileReference; lastKnownFileType = file.storyboard; name = Base; path = Base.lproj/LaunchScreen.storyboard; sourceTree = "<group>"; };
		1115A86F24E074A30074F409 /* Info.plist */ = {isa = PBXFileReference; lastKnownFileType = text.plist.xml; path = Info.plist; sourceTree = "<group>"; };
		1115A87424E074A30074F409 /* DemoAppTests.xctest */ = {isa = PBXFileReference; explicitFileType = wrapper.cfbundle; includeInIndex = 0; path = DemoAppTests.xctest; sourceTree = BUILT_PRODUCTS_DIR; };
		1115A87824E074A30074F409 /* DemoAppTests.swift */ = {isa = PBXFileReference; lastKnownFileType = sourcecode.swift; path = DemoAppTests.swift; sourceTree = "<group>"; };
		1115A87A24E074A30074F409 /* Info.plist */ = {isa = PBXFileReference; lastKnownFileType = text.plist.xml; path = Info.plist; sourceTree = "<group>"; };
		1115A87F24E074A30074F409 /* DemoAppUITests.xctest */ = {isa = PBXFileReference; explicitFileType = wrapper.cfbundle; includeInIndex = 0; path = DemoAppUITests.xctest; sourceTree = BUILT_PRODUCTS_DIR; };
		1115A88324E074A30074F409 /* DemoAppUITests.swift */ = {isa = PBXFileReference; lastKnownFileType = sourcecode.swift; path = DemoAppUITests.swift; sourceTree = "<group>"; };
		1115A88524E074A30074F409 /* Info.plist */ = {isa = PBXFileReference; lastKnownFileType = text.plist.xml; path = Info.plist; sourceTree = "<group>"; };
		11E6A7E324E08A6E004727C3 /* Artwork.swift */ = {isa = PBXFileReference; fileEncoding = 4; lastKnownFileType = sourcecode.swift; path = Artwork.swift; sourceTree = "<group>"; };
		11E6A7E524E08F91004727C3 /* DetailView.swift */ = {isa = PBXFileReference; lastKnownFileType = sourcecode.swift; path = DetailView.swift; sourceTree = "<group>"; };
/* End PBXFileReference section */

/* Begin PBXFrameworksBuildPhase section */
		1115A85824E074A20074F409 /* Frameworks */ = {
			isa = PBXFrameworksBuildPhase;
			buildActionMask = 2147483647;
			files = (
			);
			runOnlyForDeploymentPostprocessing = 0;
		};
		1115A87124E074A30074F409 /* Frameworks */ = {
			isa = PBXFrameworksBuildPhase;
			buildActionMask = 2147483647;
			files = (
			);
			runOnlyForDeploymentPostprocessing = 0;
		};
		1115A87C24E074A30074F409 /* Frameworks */ = {
			isa = PBXFrameworksBuildPhase;
			buildActionMask = 2147483647;
			files = (
			);
			runOnlyForDeploymentPostprocessing = 0;
		};
/* End PBXFrameworksBuildPhase section */

/* Begin PBXGroup section */
		1115A85224E074A20074F409 = {
			isa = PBXGroup;
			children = (
				1115A85D24E074A20074F409 /* DemoApp */,
				1115A87724E074A30074F409 /* DemoAppTests */,
				1115A88224E074A30074F409 /* DemoAppUITests */,
				1115A85C24E074A20074F409 /* Products */,
			);
			sourceTree = "<group>";
		};
		1115A85C24E074A20074F409 /* Products */ = {
			isa = PBXGroup;
			children = (
				1115A85B24E074A20074F409 /* DemoApp.app */,
				1115A87424E074A30074F409 /* DemoAppTests.xctest */,
				1115A87F24E074A30074F409 /* DemoAppUITests.xctest */,
			);
			name = Products;
			sourceTree = "<group>";
		};
		1115A85D24E074A20074F409 /* DemoApp */ = {
			isa = PBXGroup;
			children = (
				1115A85E24E074A20074F409 /* AppDelegate.swift */,
				1115A86024E074A20074F409 /* SceneDelegate.swift */,
				1115A86524E074A20074F409 /* ContentView.swift */,
				11E6A7E524E08F91004727C3 /* DetailView.swift */,
				11E6A7E324E08A6E004727C3 /* Artwork.swift */,
				1115A86724E074A30074F409 /* Assets.xcassets */,
				1115A86C24E074A30074F409 /* LaunchScreen.storyboard */,
				1115A86F24E074A30074F409 /* Info.plist */,
				1115A86224E074A20074F409 /* DemoApp.xcdatamodeld */,
				1115A86924E074A30074F409 /* Preview Content */,
			);
			path = DemoApp;
			sourceTree = "<group>";
		};
		1115A86924E074A30074F409 /* Preview Content */ = {
			isa = PBXGroup;
			children = (
				1115A86A24E074A30074F409 /* Preview Assets.xcassets */,
			);
			path = "Preview Content";
			sourceTree = "<group>";
		};
		1115A87724E074A30074F409 /* DemoAppTests */ = {
			isa = PBXGroup;
			children = (
				1115A87824E074A30074F409 /* DemoAppTests.swift */,
				1115A87A24E074A30074F409 /* Info.plist */,
			);
			path = DemoAppTests;
			sourceTree = "<group>";
		};
		1115A88224E074A30074F409 /* DemoAppUITests */ = {
			isa = PBXGroup;
			children = (
				1115A88324E074A30074F409 /* DemoAppUITests.swift */,
				1115A88524E074A30074F409 /* Info.plist */,
			);
			path = DemoAppUITests;
			sourceTree = "<group>";
		};
/* End PBXGroup section */

/* Begin PBXNativeTarget section */
		1115A85A24E074A20074F409 /* DemoApp */ = {
			isa = PBXNativeTarget;
			buildConfigurationList = 1115A88824E074A30074F409 /* Build configuration list for PBXNativeTarget "DemoApp" */;
			buildPhases = (
				1115A85724E074A20074F409 /* Sources */,
				1115A85824E074A20074F409 /* Frameworks */,
				1115A85924E074A20074F409 /* Resources */,
			);
			buildRules = (
			);
			dependencies = (
			);
			name = DemoApp;
			productName = DemoApp;
			productReference = 1115A85B24E074A20074F409 /* DemoApp.app */;
			productType = "com.apple.product-type.application";
		};
		1115A87324E074A30074F409 /* DemoAppTests */ = {
			isa = PBXNativeTarget;
			buildConfigurationList = 1115A88B24E074A30074F409 /* Build configuration list for PBXNativeTarget "DemoAppTests" */;
			buildPhases = (
				1115A87024E074A30074F409 /* Sources */,
				1115A87124E074A30074F409 /* Frameworks */,
				1115A87224E074A30074F409 /* Resources */,
			);
			buildRules = (
			);
			dependencies = (
				1115A87624E074A30074F409 /* PBXTargetDependency */,
			);
			name = DemoAppTests;
			productName = DemoAppTests;
			productReference = 1115A87424E074A30074F409 /* DemoAppTests.xctest */;
			productType = "com.apple.product-type.bundle.unit-test";
		};
		1115A87E24E074A30074F409 /* DemoAppUITests */ = {
			isa = PBXNativeTarget;
			buildConfigurationList = 1115A88E24E074A30074F409 /* Build configuration list for PBXNativeTarget "DemoAppUITests" */;
			buildPhases = (
				1115A87B24E074A30074F409 /* Sources */,
				1115A87C24E074A30074F409 /* Frameworks */,
				1115A87D24E074A30074F409 /* Resources */,
			);
			buildRules = (
			);
			dependencies = (
				1115A88124E074A30074F409 /* PBXTargetDependency */,
			);
			name = DemoAppUITests;
			productName = DemoAppUITests;
			productReference = 1115A87F24E074A30074F409 /* DemoAppUITests.xctest */;
			productType = "com.apple.product-type.bundle.ui-testing";
		};
/* End PBXNativeTarget section */

/* Begin PBXProject section */
		1115A85324E074A20074F409 /* Project object */ = {
			isa = PBXProject;
			attributes = {
				LastSwiftUpdateCheck = 1160;
				LastUpgradeCheck = 1160;
				TargetAttributes = {
					1115A85A24E074A20074F409 = {
						CreatedOnToolsVersion = 11.6;
					};
					1115A87324E074A30074F409 = {
						CreatedOnToolsVersion = 11.6;
						TestTargetID = 1115A85A24E074A20074F409;
					};
					1115A87E24E074A30074F409 = {
						CreatedOnToolsVersion = 11.6;
						TestTargetID = 1115A85A24E074A20074F409;
					};
				};
			};
			buildConfigurationList = 1115A85624E074A20074F409 /* Build configuration list for PBXProject "DemoApp" */;
			compatibilityVersion = "Xcode 9.3";
			developmentRegion = en;
			hasScannedForEncodings = 0;
			knownRegions = (
				en,
				Base,
			);
			mainGroup = 1115A85224E074A20074F409;
			productRefGroup = 1115A85C24E074A20074F409 /* Products */;
			projectDirPath = "";
			projectRoot = "";
			targets = (
				1115A85A24E074A20074F409 /* DemoApp */,
				1115A87324E074A30074F409 /* DemoAppTests */,
				1115A87E24E074A30074F409 /* DemoAppUITests */,
			);
		};
/* End PBXProject section */

/* Begin PBXResourcesBuildPhase section */
		1115A85924E074A20074F409 /* Resources */ = {
			isa = PBXResourcesBuildPhase;
			buildActionMask = 2147483647;
			files = (
				1115A86E24E074A30074F409 /* LaunchScreen.storyboard in Resources */,
				1115A86B24E074A30074F409 /* Preview Assets.xcassets in Resources */,
				1115A86824E074A30074F409 /* Assets.xcassets in Resources */,
			);
			runOnlyForDeploymentPostprocessing = 0;
		};
		1115A87224E074A30074F409 /* Resources */ = {
			isa = PBXResourcesBuildPhase;
			buildActionMask = 2147483647;
			files = (
			);
			runOnlyForDeploymentPostprocessing = 0;
		};
		1115A87D24E074A30074F409 /* Resources */ = {
			isa = PBXResourcesBuildPhase;
			buildActionMask = 2147483647;
			files = (
			);
			runOnlyForDeploymentPostprocessing = 0;
		};
/* End PBXResourcesBuildPhase section */

/* Begin PBXSourcesBuildPhase section */
		1115A85724E074A20074F409 /* Sources */ = {
			isa = PBXSourcesBuildPhase;
			buildActionMask = 2147483647;
			files = (
				11E6A7E424E08A6E004727C3 /* Artwork.swift in Sources */,
				11E6A7E624E08F91004727C3 /* DetailView.swift in Sources */,
				1115A85F24E074A20074F409 /* AppDelegate.swift in Sources */,
				1115A86424E074A20074F409 /* DemoApp.xcdatamodeld in Sources */,
				1115A86624E074A20074F409 /* ContentView.swift in Sources */,
				1115A86124E074A20074F409 /* SceneDelegate.swift in Sources */,
			);
			runOnlyForDeploymentPostprocessing = 0;
		};
		1115A87024E074A30074F409 /* Sources */ = {
			isa = PBXSourcesBuildPhase;
			buildActionMask = 2147483647;
			files = (
				1115A87924E074A30074F409 /* DemoAppTests.swift in Sources */,
			);
			runOnlyForDeploymentPostprocessing = 0;
		};
		1115A87B24E074A30074F409 /* Sources */ = {
			isa = PBXSourcesBuildPhase;
			buildActionMask = 2147483647;
			files = (
				1115A88424E074A30074F409 /* DemoAppUITests.swift in Sources */,
			);
			runOnlyForDeploymentPostprocessing = 0;
		};
/* End PBXSourcesBuildPhase section */

/* Begin PBXTargetDependency section */
		1115A87624E074A30074F409 /* PBXTargetDependency */ = {
			isa = PBXTargetDependency;
			target = 1115A85A24E074A20074F409 /* DemoApp */;
			targetProxy = 1115A87524E074A30074F409 /* PBXContainerItemProxy */;
		};
		1115A88124E074A30074F409 /* PBXTargetDependency */ = {
			isa = PBXTargetDependency;
			target = 1115A85A24E074A20074F409 /* DemoApp */;
			targetProxy = 1115A88024E074A30074F409 /* PBXContainerItemProxy */;
		};
/* End PBXTargetDependency section */

/* Begin PBXVariantGroup section */
		1115A86C24E074A30074F409 /* LaunchScreen.storyboard */ = {
			isa = PBXVariantGroup;
			children = (
				1115A86D24E074A30074F409 /* Base */,
			);
			name = LaunchScreen.storyboard;
			sourceTree = "<group>";
		};
/* End PBXVariantGroup section */

/* Begin XCBuildConfiguration section */
		1115A88624E074A30074F409 /* Debug */ = {
			isa = XCBuildConfiguration;
			buildSettings = {
				ALWAYS_SEARCH_USER_PATHS = NO;
				CLANG_ANALYZER_NONNULL = YES;
				CLANG_ANALYZER_NUMBER_OBJECT_CONVERSION = YES_AGGRESSIVE;
				CLANG_CXX_LANGUAGE_STANDARD = "gnu++14";
				CLANG_CXX_LIBRARY = "libc++";
				CLANG_ENABLE_MODULES = YES;
				CLANG_ENABLE_OBJC_ARC = YES;
				CLANG_ENABLE_OBJC_WEAK = YES;
				CLANG_WARN_BLOCK_CAPTURE_AUTORELEASING = YES;
				CLANG_WARN_BOOL_CONVERSION = YES;
				CLANG_WARN_COMMA = YES;
				CLANG_WARN_CONSTANT_CONVERSION = YES;
				CLANG_WARN_DEPRECATED_OBJC_IMPLEMENTATIONS = YES;
				CLANG_WARN_DIRECT_OBJC_ISA_USAGE = YES_ERROR;
				CLANG_WARN_DOCUMENTATION_COMMENTS = YES;
				CLANG_WARN_EMPTY_BODY = YES;
				CLANG_WARN_ENUM_CONVERSION = YES;
				CLANG_WARN_INFINITE_RECURSION = YES;
				CLANG_WARN_INT_CONVERSION = YES;
				CLANG_WARN_NON_LITERAL_NULL_CONVERSION = YES;
				CLANG_WARN_OBJC_IMPLICIT_RETAIN_SELF = YES;
				CLANG_WARN_OBJC_LITERAL_CONVERSION = YES;
				CLANG_WARN_OBJC_ROOT_CLASS = YES_ERROR;
				CLANG_WARN_RANGE_LOOP_ANALYSIS = YES;
				CLANG_WARN_STRICT_PROTOTYPES = YES;
				CLANG_WARN_SUSPICIOUS_MOVE = YES;
				CLANG_WARN_UNGUARDED_AVAILABILITY = YES_AGGRESSIVE;
				CLANG_WARN_UNREACHABLE_CODE = YES;
				CLANG_WARN__DUPLICATE_METHOD_MATCH = YES;
				COPY_PHASE_STRIP = NO;
				DEBUG_INFORMATION_FORMAT = dwarf;
				ENABLE_STRICT_OBJC_MSGSEND = YES;
				ENABLE_TESTABILITY = YES;
				GCC_C_LANGUAGE_STANDARD = gnu11;
				GCC_DYNAMIC_NO_PIC = NO;
				GCC_NO_COMMON_BLOCKS = YES;
				GCC_OPTIMIZATION_LEVEL = 0;
				GCC_PREPROCESSOR_DEFINITIONS = (
					"DEBUG=1",
					"$(inherited)",
				);
				GCC_WARN_64_TO_32_BIT_CONVERSION = YES;
				GCC_WARN_ABOUT_RETURN_TYPE = YES_ERROR;
				GCC_WARN_UNDECLARED_SELECTOR = YES;
				GCC_WARN_UNINITIALIZED_AUTOS = YES_AGGRESSIVE;
				GCC_WARN_UNUSED_FUNCTION = YES;
				GCC_WARN_UNUSED_VARIABLE = YES;
				IPHONEOS_DEPLOYMENT_TARGET = 13.6;
				MTL_ENABLE_DEBUG_INFO = INCLUDE_SOURCE;
				MTL_FAST_MATH = YES;
				ONLY_ACTIVE_ARCH = YES;
				SDKROOT = iphoneos;
				SWIFT_ACTIVE_COMPILATION_CONDITIONS = DEBUG;
				SWIFT_OPTIMIZATION_LEVEL = "-Onone";
			};
			name = Debug;
		};
		1115A88724E074A30074F409 /* Release */ = {
			isa = XCBuildConfiguration;
			buildSettings = {
				ALWAYS_SEARCH_USER_PATHS = NO;
				CLANG_ANALYZER_NONNULL = YES;
				CLANG_ANALYZER_NUMBER_OBJECT_CONVERSION = YES_AGGRESSIVE;
				CLANG_CXX_LANGUAGE_STANDARD = "gnu++14";
				CLANG_CXX_LIBRARY = "libc++";
				CLANG_ENABLE_MODULES = YES;
				CLANG_ENABLE_OBJC_ARC = YES;
				CLANG_ENABLE_OBJC_WEAK = YES;
				CLANG_WARN_BLOCK_CAPTURE_AUTORELEASING = YES;
				CLANG_WARN_BOOL_CONVERSION = YES;
				CLANG_WARN_COMMA = YES;
				CLANG_WARN_CONSTANT_CONVERSION = YES;
				CLANG_WARN_DEPRECATED_OBJC_IMPLEMENTATIONS = YES;
				CLANG_WARN_DIRECT_OBJC_ISA_USAGE = YES_ERROR;
				CLANG_WARN_DOCUMENTATION_COMMENTS = YES;
				CLANG_WARN_EMPTY_BODY = YES;
				CLANG_WARN_ENUM_CONVERSION = YES;
				CLANG_WARN_INFINITE_RECURSION = YES;
				CLANG_WARN_INT_CONVERSION = YES;
				CLANG_WARN_NON_LITERAL_NULL_CONVERSION = YES;
				CLANG_WARN_OBJC_IMPLICIT_RETAIN_SELF = YES;
				CLANG_WARN_OBJC_LITERAL_CONVERSION = YES;
				CLANG_WARN_OBJC_ROOT_CLASS = YES_ERROR;
				CLANG_WARN_RANGE_LOOP_ANALYSIS = YES;
				CLANG_WARN_STRICT_PROTOTYPES = YES;
				CLANG_WARN_SUSPICIOUS_MOVE = YES;
				CLANG_WARN_UNGUARDED_AVAILABILITY = YES_AGGRESSIVE;
				CLANG_WARN_UNREACHABLE_CODE = YES;
				CLANG_WARN__DUPLICATE_METHOD_MATCH = YES;
				COPY_PHASE_STRIP = NO;
				DEBUG_INFORMATION_FORMAT = "dwarf-with-dsym";
				ENABLE_NS_ASSERTIONS = NO;
				ENABLE_STRICT_OBJC_MSGSEND = YES;
				GCC_C_LANGUAGE_STANDARD = gnu11;
				GCC_NO_COMMON_BLOCKS = YES;
				GCC_WARN_64_TO_32_BIT_CONVERSION = YES;
				GCC_WARN_ABOUT_RETURN_TYPE = YES_ERROR;
				GCC_WARN_UNDECLARED_SELECTOR = YES;
				GCC_WARN_UNINITIALIZED_AUTOS = YES_AGGRESSIVE;
				GCC_WARN_UNUSED_FUNCTION = YES;
				GCC_WARN_UNUSED_VARIABLE = YES;
				IPHONEOS_DEPLOYMENT_TARGET = 13.6;
				MTL_ENABLE_DEBUG_INFO = NO;
				MTL_FAST_MATH = YES;
				SDKROOT = iphoneos;
				SWIFT_COMPILATION_MODE = wholemodule;
				SWIFT_OPTIMIZATION_LEVEL = "-O";
				VALIDATE_PRODUCT = YES;
			};
			name = Release;
		};
		1115A88924E074A30074F409 /* Debug */ = {
			isa = XCBuildConfiguration;
			buildSettings = {
				ASSETCATALOG_COMPILER_APPICON_NAME = AppIcon;
				CODE_SIGN_STYLE = Automatic;
				DEVELOPMENT_ASSET_PATHS = "\"DemoApp/Preview Content\"";
				ENABLE_PREVIEWS = YES;
				INFOPLIST_FILE = DemoApp/Info.plist;
				LD_RUNPATH_SEARCH_PATHS = (
					"$(inherited)",
					"@executable_path/Frameworks",
				);
				PRODUCT_BUNDLE_IDENTIFIER = AndreMuis.DemoApp;
				PRODUCT_NAME = "$(TARGET_NAME)";
				SWIFT_VERSION = 5.0;
				TARGETED_DEVICE_FAMILY = "1,2";
			};
			name = Debug;
		};
		1115A88A24E074A30074F409 /* Release */ = {
			isa = XCBuildConfiguration;
			buildSettings = {
				ASSETCATALOG_COMPILER_APPICON_NAME = AppIcon;
				CODE_SIGN_STYLE = Automatic;
				DEVELOPMENT_ASSET_PATHS = "\"DemoApp/Preview Content\"";
				ENABLE_PREVIEWS = YES;
				INFOPLIST_FILE = DemoApp/Info.plist;
				LD_RUNPATH_SEARCH_PATHS = (
					"$(inherited)",
					"@executable_path/Frameworks",
				);
				PRODUCT_BUNDLE_IDENTIFIER = AndreMuis.DemoApp;
				PRODUCT_NAME = "$(TARGET_NAME)";
				SWIFT_VERSION = 5.0;
				TARGETED_DEVICE_FAMILY = "1,2";
			};
			name = Release;
		};
		1115A88C24E074A30074F409 /* Debug */ = {
			isa = XCBuildConfiguration;
			buildSettings = {
				ALWAYS_EMBED_SWIFT_STANDARD_LIBRARIES = YES;
				BUNDLE_LOADER = "$(TEST_HOST)";
				CODE_SIGN_STYLE = Automatic;
				INFOPLIST_FILE = DemoAppTests/Info.plist;
				IPHONEOS_DEPLOYMENT_TARGET = 13.6;
				LD_RUNPATH_SEARCH_PATHS = (
					"$(inherited)",
					"@executable_path/Frameworks",
					"@loader_path/Frameworks",
				);
				PRODUCT_BUNDLE_IDENTIFIER = AndreMuis.DemoAppTests;
				PRODUCT_NAME = "$(TARGET_NAME)";
				SWIFT_VERSION = 5.0;
				TARGETED_DEVICE_FAMILY = "1,2";
				TEST_HOST = "$(BUILT_PRODUCTS_DIR)/DemoApp.app/DemoApp";
			};
			name = Debug;
		};
		1115A88D24E074A30074F409 /* Release */ = {
			isa = XCBuildConfiguration;
			buildSettings = {
				ALWAYS_EMBED_SWIFT_STANDARD_LIBRARIES = YES;
				BUNDLE_LOADER = "$(TEST_HOST)";
				CODE_SIGN_STYLE = Automatic;
				INFOPLIST_FILE = DemoAppTests/Info.plist;
				IPHONEOS_DEPLOYMENT_TARGET = 13.6;
				LD_RUNPATH_SEARCH_PATHS = (
					"$(inherited)",
					"@executable_path/Frameworks",
					"@loader_path/Frameworks",
				);
				PRODUCT_BUNDLE_IDENTIFIER = AndreMuis.DemoAppTests;
				PRODUCT_NAME = "$(TARGET_NAME)";
				SWIFT_VERSION = 5.0;
				TARGETED_DEVICE_FAMILY = "1,2";
				TEST_HOST = "$(BUILT_PRODUCTS_DIR)/DemoApp.app/DemoApp";
			};
			name = Release;
		};
		1115A88F24E074A30074F409 /* Debug */ = {
			isa = XCBuildConfiguration;
			buildSettings = {
				ALWAYS_EMBED_SWIFT_STANDARD_LIBRARIES = YES;
				CODE_SIGN_STYLE = Automatic;
				INFOPLIST_FILE = DemoAppUITests/Info.plist;
				LD_RUNPATH_SEARCH_PATHS = (
					"$(inherited)",
					"@executable_path/Frameworks",
					"@loader_path/Frameworks",
				);
				PRODUCT_BUNDLE_IDENTIFIER = AndreMuis.DemoAppUITests;
				PRODUCT_NAME = "$(TARGET_NAME)";
				SWIFT_VERSION = 5.0;
				TARGETED_DEVICE_FAMILY = "1,2";
				TEST_TARGET_NAME = DemoApp;
			};
			name = Debug;
		};
		1115A89024E074A30074F409 /* Release */ = {
			isa = XCBuildConfiguration;
			buildSettings = {
				ALWAYS_EMBED_SWIFT_STANDARD_LIBRARIES = YES;
				CODE_SIGN_STYLE = Automatic;
				INFOPLIST_FILE = DemoAppUITests/Info.plist;
				LD_RUNPATH_SEARCH_PATHS = (
					"$(inherited)",
					"@executable_path/Frameworks",
					"@loader_path/Frameworks",
				);
				PRODUCT_BUNDLE_IDENTIFIER = AndreMuis.DemoAppUITests;
				PRODUCT_NAME = "$(TARGET_NAME)";
				SWIFT_VERSION = 5.0;
				TARGETED_DEVICE_FAMILY = "1,2";
				TEST_TARGET_NAME = DemoApp;
			};
			name = Release;
		};
/* End XCBuildConfiguration section */

/* Begin XCConfigurationList section */
		1115A85624E074A20074F409 /* Build configuration list for PBXProject "DemoApp" */ = {
			isa = XCConfigurationList;
			buildConfigurations = (
				1115A88624E074A30074F409 /* Debug */,
				1115A88724E074A30074F409 /* Release */,
			);
			defaultConfigurationIsVisible = 0;
			defaultConfigurationName = Release;
		};
		1115A88824E074A30074F409 /* Build configuration list for PBXNativeTarget "DemoApp" */ = {
			isa = XCConfigurationList;
			buildConfigurations = (
				1115A88924E074A30074F409 /* Debug */,
				1115A88A24E074A30074F409 /* Release */,
			);
			defaultConfigurationIsVisible = 0;
			defaultConfigurationName = Release;
		};
		1115A88B24E074A30074F409 /* Build configuration list for PBXNativeTarget "DemoAppTests" */ = {
			isa = XCConfigurationList;
			buildConfigurations = (
				1115A88C24E074A30074F409 /* Debug */,
				1115A88D24E074A30074F409 /* Release */,
			);
			defaultConfigurationIsVisible = 0;
			defaultConfigurationName = Release;
		};
		1115A88E24E074A30074F409 /* Build configuration list for PBXNativeTarget "DemoAppUITests" */ = {
			isa = XCConfigurationList;
			buildConfigurations = (
				1115A88F24E074A30074F409 /* Debug */,
				1115A89024E074A30074F409 /* Release */,
			);
			defaultConfigurationIsVisible = 0;
			defaultConfigurationName = Release;
		};
/* End XCConfigurationList section */

/* Begin XCVersionGroup section */
		1115A86224E074A20074F409 /* DemoApp.xcdatamodeld */ = {
			isa = XCVersionGroup;
			children = (
				1115A86324E074A20074F409 /* DemoApp.xcdatamodel */,
			);
			currentVersion = 1115A86324E074A20074F409 /* DemoApp.xcdatamodel */;
			path = DemoApp.xcdatamodeld;
			sourceTree = "<group>";
			versionGroupType = wrapper.xcdatamodel;
		};
/* End XCVersionGroup section */
	};
	rootObject = 1115A85324E074A20074F409 /* Project object */;
}
